<?xml version="1.0" encoding="utf-8"?>
<Project ToolsVersion="4.0" xmlns="http://schemas.microsoft.com/developer/msbuild/2003">
  <ItemGroup>
    <Filter Include="Source Files">
      <UniqueIdentifier>{4FC737F1-C7A5-4376-A066-2A32D752A2FF}</UniqueIdentifier>
      <Extensions>cpp;c;cc;cxx;c++;cppm;ixx;def;odl;idl;hpj;bat;asm;asmx</Extensions>
    </Filter>
    <Filter Include="Header Files">
      <UniqueIdentifier>{93995380-89BD-4b04-88EB-625FBE52EBFB}</UniqueIdentifier>
      <Extensions>h;hh;hpp;hxx;h++;hm;inl;inc;ipp;xsd</Extensions>
    </Filter>
    <Filter Include="Resource Files">
      <UniqueIdentifier>{67DA6AB6-F800-4c08-8B7A-83BB121AAD01}</UniqueIdentifier>
      <Extensions>rc;ico;cur;bmp;dlg;rc2;rct;bin;rgs;gif;jpg;jpeg;jpe;resx;tiff;tif;png;wav;mfcribbon-ms</Extensions>
    </Filter>
  </ItemGroup>
  <ItemGroup>
    <ClInclude Include="BoulderSmash\include\audio\SoundManager.hpp">
      <Filter>Header Files</Filter>
    </ClInclude>
    <ClInclude Include="BoulderSmash\include\components\Transform.hpp">
      <Filter>Header Files</Filter>
    </ClInclude>
    <ClInclude Include="BoulderSmash\include\core\ECS.hpp">
      <Filter>Header Files</Filter>
    </ClInclude>
    <ClInclude Include="BoulderSmash\include\core\Input.hpp">
      <Filter>Header Files</Filter>
    </ClInclude>
    <ClInclude Include="BoulderSmash\include\core\Logger.hpp">
      <Filter>Header Files</Filter>
    </ClInclude>
    <ClInclude Include="BoulderSmash\include\core\Window.hpp">
      <Filter>Header Files</Filter>
    </ClInclude>
    <ClInclude Include="BoulderSmash\include\lighting\DirectionalLight.hpp">
      <Filter>Header Files</Filter>
    </ClInclude>
    <ClInclude Include="BoulderSmash\include\lighting\Light.hpp">
      <Filter>Header Files</Filter>
    </ClInclude>
    <ClInclude Include="BoulderSmash\include\lighting\PointLight.hpp">
      <Filter>Header Files</Filter>
    </ClInclude>
    <ClInclude Include="BoulderSmash\include\rendering\Camera.hpp">
      <Filter>Header Files</Filter>
    </ClInclude>
    <ClInclude Include="BoulderSmash\include\rendering\Cubemap.hpp">
      <Filter>Header Files</Filter>
    </ClInclude>
    <ClInclude Include="BoulderSmash\include\rendering\ModelManager.hpp">
      <Filter>Header Files</Filter>
    </ClInclude>
    <ClInclude Include="BoulderSmash\include\rendering\Renderer.hpp">
      <Filter>Header Files</Filter>
    </ClInclude>
    <ClInclude Include="BoulderSmash\include\rendering\ShaderManager.hpp">
      <Filter>Header Files</Filter>
    </ClInclude>
    <ClInclude Include="BoulderSmash\include\rendering\Skybox.hpp">
      <Filter>Header Files</Filter>
    </ClInclude>
    <ClInclude Include="BoulderSmash\include\rendering\Texture.hpp">
      <Filter>Header Files</Filter>
    </ClInclude>
    <ClInclude Include="BoulderSmash\include\utils\StringHelper.hpp">
      <Filter>Header Files</Filter>
    </ClInclude>
    <ClInclude Include="Libraries\include\STBI\stb_image.h">
      <Filter>Header Files</Filter>
    </ClInclude>
    <ClInclude Include="BoulderSmash\include\rendering\Model.hpp">
      <Filter>Header Files</Filter>
    </ClInclude>
    <ClInclude Include="BoulderSmash\include\gameplay\AsteroidManager.hpp">
      <Filter>Header Files</Filter>
    </ClInclude>
    <ClInclude Include="BoulderSmash\include\gameplay\Entity.hpp">
      <Filter>Header Files</Filter>
    </ClInclude>
    <ClInclude Include="BoulderSmash\include\gameplay\EntityAsteroid.hpp">
      <Filter>Header Files</Filter>
    </ClInclude>
    <ClInclude Include="BoulderSmash\include\gui\TextManager.hpp">
      <Filter>Header Files</Filter>
    </ClInclude>
    <ClInclude Include="BoulderSmash\include\gui\MainOverlay.hpp">
      <Filter>Header Files</Filter>
    </ClInclude>
    <ClInclude Include="BoulderSmash\include\components\BoxCollider.hpp">
      <Filter>Header Files</Filter>
    </ClInclude>
  </ItemGroup>
  <ItemGroup>
    <ClCompile Include="BoulderSmash\BoulderSmash.cpp">
      <Filter>Source Files</Filter>
    </ClCompile>
    <ClCompile Include="glad.c">
      <Filter>Source Files</Filter>
    </ClCompile>
    <ClCompile Include="Implementations.cpp">
      <Filter>Source Files</Filter>
    </ClCompile>
  </ItemGroup>
  <ItemGroup>
    <None Include="assimp-vc143-mtd.dll" />
    <None Include="OpenAL32.dll" />
    <None Include="sndfile.dll" />
    <None Include="assets\shaders\transparentVertex.glsl" />
    <None Include="assets\shaders\defaultFragment.glsl" />
    <None Include="assets\shaders\defaultVertex.glsl" />
    <None Include="assets\shaders\lightFragment.glsl" />
    <None Include="assets\shaders\lightVertex.glsl" />
    <None Include="assets\shaders\skyboxFragment.glsl" />
    <None Include="assets\shaders\skyboxVertex.glsl" />
    <None Include="assets\shaders\transparentFragment.glsl" />
    <None Include="assets\shaders\textFragment.glsl" />
    <None Include="assets\shaders\textVertex.glsl" />
  </ItemGroup>
</Project>